{
  "name": "ods-api",
  "version": "0.0.1",
  "lockfileVersion": 1,
  "requires": true,
  "dependencies": {
    "iso-8859-15": {
      "version": "1.0.0",
      "resolved": "https://registry.npmjs.org/iso-8859-15/-/iso-8859-15-1.0.0.tgz",
      "integrity": "sha1-+dL227hYVpO9b7nPrdpBGpVpsMw="
    }
  }
}
